
Microsoft Visual Studio Solution File, Format Version 12.00
# Visual Studio Version 16
VisualStudioVersion = 16.0.31313.79
MinimumVisualStudioVersion = 10.0.40219.1
Project("{888888A0-9F3D-457C-B088-3A5042F75D52}") = "EvolvingSkills", "EvolvingSkills.pyproj", "{DAF6F6AB-D18D-4748-B483-463E0D52DDA9}"
EndProject
Global
	GlobalSection(SolutionConfigurationPlatforms) = preSolution
		Debug|Any CPU = Debug|Any CPU
		Release|Any CPU = Release|Any CPU
	EndGlobalSection
	GlobalSection(ProjectConfigurationPlatforms) = postSolution
		{DAF6F6AB-D18D-4748-B483-463E0D52DDA9}.Debug|Any CPU.ActiveCfg = Debug|Any CPU
		{DAF6F6AB-D18D-4748-B483-463E0D52DDA9}.Debug|Any CPU.Build.0 = Debug|Any CPU
		{DAF6F6AB-D18D-4748-B483-463E0D52DDA9}.Release|Any CPU.ActiveCfg = Release|Any CPU
		{DAF6F6AB-D18D-4748-B483-463E0D52DDA9}.Release|Any CPU.Build.0 = Release|Any CPU
	EndGlobalSection
	GlobalSection(SolutionProperties) = preSolution
		HideSolutionNode = FALSE
	EndGlobalSection
	GlobalSection(ExtensibilityGlobals) = postSolution
		SolutionGuid = {A3EF4861-69C4-4C1F-A184-D79C969521E1}
	EndGlobalSection
EndGlobal
